
Microsoft Visual Studio Solution File, Format Version 12.00
# Visual Studio Version 17
VisualStudioVersion = 17.0.31903.59
MinimumVisualStudioVersion = 10.0.40219.1
Project("{2150E333-8FDC-42A3-9474-1A3956D46DE8}") = "src", "src", "{B5943B4D-153F-4353-8763-C88F480048ED}"
EndProject
Project("{FAE04EC0-301F-11D3-BF4B-00C04F79EFBC}") = "FlightComputer", "src\FlightComputer\FlightComputer.csproj", "{D1DEBE27-0569-428D-BDFC-0C1C77079456}"
EndProject
Project("{FAE04EC0-301F-11D3-BF4B-00C04F79EFBC}") = "FlightComputer.Contracts", "src\FlightComputer.Contracts\FlightComputer.Contracts.csproj", "{32EB9582-15C6-4A90-937C-3C3C9D723E7B}"
EndProject
Project("{FAE04EC0-301F-11D3-BF4B-00C04F79EFBC}") = "FlightComputer.Devices.Abstractions", "src\FlightComputer.Devices.Abstractions\FlightComputer.Devices.Abstractions.csproj", "{FDB934C5-C4B4-42CE-A309-1A07E7714434}"
EndProject
Project("{FAE04EC0-301F-11D3-BF4B-00C04F79EFBC}") = "FlightComputer.Devices.Mocking", "src\FlightComputer.Devices.Mocking\FlightComputer.Devices.Mocking.csproj", "{6343EA2B-E541-4DD9-962C-A79958A9E3E6}"
EndProject
Global
	GlobalSection(SolutionConfigurationPlatforms) = preSolution
		Debug|Any CPU = Debug|Any CPU
		Release|Any CPU = Release|Any CPU
	EndGlobalSection
	GlobalSection(SolutionProperties) = preSolution
		HideSolutionNode = FALSE
	EndGlobalSection
	GlobalSection(NestedProjects) = preSolution
		{D1DEBE27-0569-428D-BDFC-0C1C77079456} = {B5943B4D-153F-4353-8763-C88F480048ED}
		{32EB9582-15C6-4A90-937C-3C3C9D723E7B} = {B5943B4D-153F-4353-8763-C88F480048ED}
		{FDB934C5-C4B4-42CE-A309-1A07E7714434} = {B5943B4D-153F-4353-8763-C88F480048ED}
		{6343EA2B-E541-4DD9-962C-A79958A9E3E6} = {B5943B4D-153F-4353-8763-C88F480048ED}
	EndGlobalSection
	GlobalSection(ProjectConfigurationPlatforms) = postSolution
		{D1DEBE27-0569-428D-BDFC-0C1C77079456}.Debug|Any CPU.ActiveCfg = Debug|Any CPU
		{D1DEBE27-0569-428D-BDFC-0C1C77079456}.Debug|Any CPU.Build.0 = Debug|Any CPU
		{D1DEBE27-0569-428D-BDFC-0C1C77079456}.Release|Any CPU.ActiveCfg = Release|Any CPU
		{D1DEBE27-0569-428D-BDFC-0C1C77079456}.Release|Any CPU.Build.0 = Release|Any CPU
		{32EB9582-15C6-4A90-937C-3C3C9D723E7B}.Debug|Any CPU.ActiveCfg = Debug|Any CPU
		{32EB9582-15C6-4A90-937C-3C3C9D723E7B}.Debug|Any CPU.Build.0 = Debug|Any CPU
		{32EB9582-15C6-4A90-937C-3C3C9D723E7B}.Release|Any CPU.ActiveCfg = Release|Any CPU
		{32EB9582-15C6-4A90-937C-3C3C9D723E7B}.Release|Any CPU.Build.0 = Release|Any CPU
		{FDB934C5-C4B4-42CE-A309-1A07E7714434}.Debug|Any CPU.ActiveCfg = Debug|Any CPU
		{FDB934C5-C4B4-42CE-A309-1A07E7714434}.Debug|Any CPU.Build.0 = Debug|Any CPU
		{FDB934C5-C4B4-42CE-A309-1A07E7714434}.Release|Any CPU.ActiveCfg = Release|Any CPU
		{FDB934C5-C4B4-42CE-A309-1A07E7714434}.Release|Any CPU.Build.0 = Release|Any CPU
		{6343EA2B-E541-4DD9-962C-A79958A9E3E6}.Debug|Any CPU.ActiveCfg = Debug|Any CPU
		{6343EA2B-E541-4DD9-962C-A79958A9E3E6}.Debug|Any CPU.Build.0 = Debug|Any CPU
		{6343EA2B-E541-4DD9-962C-A79958A9E3E6}.Release|Any CPU.ActiveCfg = Release|Any CPU
		{6343EA2B-E541-4DD9-962C-A79958A9E3E6}.Release|Any CPU.Build.0 = Release|Any CPU
	EndGlobalSection
EndGlobal
